
Microsoft Visual Studio Solution File, Format Version 12.00
# Visual Studio Version 17
VisualStudioVersion = 17.0.32014.148
MinimumVisualStudioVersion = 10.0.40219.1
Project("{778DAE3C-4631-46EA-AA77-85C1314464D9}") = "Plugins", "Plugin\Plugins.vbproj", "{B0882700-5EAF-4712-ADE5-69DAFE473A01}"
EndProject
Project("{D954291E-2A0B-460D-934E-DC6B0785DB48}") = "Genie.Shared", "..\..\GitHubProjects\GenieClient\GenieUno\Genie4\Genie4.Shared\Genie.Shared.shproj", "{6279C845-92F8-4333-AB99-3D213163593C}"
EndProject
Project("{2150E333-8FDC-42A3-9474-1A3956D46DE8}") = "Platforms", "Platforms", "{297B8817-4DA0-4009-8DC0-E208AD567E77}"
EndProject
Project("{9A19103F-16F7-4668-BE54-9A1E7A4F7556}") = "Genie.Wasm", "..\..\GitHubProjects\GenieClient\GenieUno\Genie4\Genie4.Wasm\Genie.Wasm.csproj", "{16DCD99A-B415-420F-A3CA-74DFC02CB4AE}"
EndProject
Project("{9A19103F-16F7-4668-BE54-9A1E7A4F7556}") = "Genie.Mobile", "..\..\GitHubProjects\GenieClient\GenieUno\Genie4\Genie4.Mobile\Genie.Mobile.csproj", "{14E16C7B-AC4B-4DE4-9047-199AAB2F4554}"
EndProject
Project("{9A19103F-16F7-4668-BE54-9A1E7A4F7556}") = "Genie.Skia.Gtk", "..\..\GitHubProjects\GenieClient\GenieUno\Genie4\Genie4.Skia.Gtk\Genie.Skia.Gtk.csproj", "{741B2FE6-91CB-423F-9E91-65BED7F57450}"
EndProject
Project("{9A19103F-16F7-4668-BE54-9A1E7A4F7556}") = "Genie.Windows", "..\..\GitHubProjects\GenieClient\GenieUno\Genie4\Genie4.Windows\Genie.Windows.csproj", "{BA2D96FE-C2B8-439D-9F96-4B564FA65F60}"
EndProject
Project("{2150E333-8FDC-42A3-9474-1A3956D46DE8}") = "Platforms (2)", "Platforms (2)", "{4B5A4119-DDDC-4A6F-99A2-23937F859733}"
EndProject
Project("{9A19103F-16F7-4668-BE54-9A1E7A4F7556}") = "Genie.Wasm", "Genie\Genie.Wasm\Genie.Wasm.csproj", "{CF0D9329-B0EB-4F0F-9385-BE0FA354582F}"
EndProject
Project("{9A19103F-16F7-4668-BE54-9A1E7A4F7556}") = "Genie.Mobile", "Genie\Genie.Mobile\Genie.Mobile.csproj", "{775C77BC-9D68-468A-9EFA-6B570EA3654F}"
EndProject
Project("{9A19103F-16F7-4668-BE54-9A1E7A4F7556}") = "Genie.Skia.Gtk", "Genie\Genie.Skia.Gtk\Genie.Skia.Gtk.csproj", "{C6777162-EF5D-4143-84ED-D8751C6DE283}"
EndProject
Project("{9A19103F-16F7-4668-BE54-9A1E7A4F7556}") = "Genie.Windows", "Genie\Genie.Windows\Genie.Windows.csproj", "{B3E67EC0-89D4-4603-AD29-093CA890F4FE}"
EndProject
Project("{9A19103F-16F7-4668-BE54-9A1E7A4F7556}") = "Genie.Skia.Wpf", "Genie\Genie.Skia.Wpf\Genie.Skia.Wpf.csproj", "{D54D1125-57A1-4F1A-BED2-2E8D898C103D}"
EndProject
Global
	GlobalSection(SolutionConfigurationPlatforms) = preSolution
		Debug|Any CPU = Debug|Any CPU
		Debug|arm64 = Debug|arm64
		Debug|Mixed Platforms = Debug|Mixed Platforms
		Debug|x64 = Debug|x64
		Debug|x86 = Debug|x86
		Release|Any CPU = Release|Any CPU
		Release|arm64 = Release|arm64
		Release|Mixed Platforms = Release|Mixed Platforms
		Release|x64 = Release|x64
		Release|x86 = Release|x86
	EndGlobalSection
	GlobalSection(ProjectConfigurationPlatforms) = postSolution
		{B0882700-5EAF-4712-ADE5-69DAFE473A01}.Debug|Any CPU.ActiveCfg = Debug|Any CPU
		{B0882700-5EAF-4712-ADE5-69DAFE473A01}.Debug|Any CPU.Build.0 = Debug|Any CPU
		{B0882700-5EAF-4712-ADE5-69DAFE473A01}.Debug|arm64.ActiveCfg = Debug|Any CPU
		{B0882700-5EAF-4712-ADE5-69DAFE473A01}.Debug|arm64.Build.0 = Debug|Any CPU
		{B0882700-5EAF-4712-ADE5-69DAFE473A01}.Debug|Mixed Platforms.ActiveCfg = Debug|Any CPU
		{B0882700-5EAF-4712-ADE5-69DAFE473A01}.Debug|Mixed Platforms.Build.0 = Debug|Any CPU
		{B0882700-5EAF-4712-ADE5-69DAFE473A01}.Debug|x64.ActiveCfg = Debug|Any CPU
		{B0882700-5EAF-4712-ADE5-69DAFE473A01}.Debug|x64.Build.0 = Debug|Any CPU
		{B0882700-5EAF-4712-ADE5-69DAFE473A01}.Debug|x86.ActiveCfg = Debug|Any CPU
		{B0882700-5EAF-4712-ADE5-69DAFE473A01}.Release|Any CPU.ActiveCfg = Release|Any CPU
		{B0882700-5EAF-4712-ADE5-69DAFE473A01}.Release|Any CPU.Build.0 = Release|Any CPU
		{B0882700-5EAF-4712-ADE5-69DAFE473A01}.Release|arm64.ActiveCfg = Release|Any CPU
		{B0882700-5EAF-4712-ADE5-69DAFE473A01}.Release|arm64.Build.0 = Release|Any CPU
		{B0882700-5EAF-4712-ADE5-69DAFE473A01}.Release|Mixed Platforms.ActiveCfg = Release|Any CPU
		{B0882700-5EAF-4712-ADE5-69DAFE473A01}.Release|Mixed Platforms.Build.0 = Release|Any CPU
		{B0882700-5EAF-4712-ADE5-69DAFE473A01}.Release|x64.ActiveCfg = Release|Any CPU
		{B0882700-5EAF-4712-ADE5-69DAFE473A01}.Release|x64.Build.0 = Release|Any CPU
		{B0882700-5EAF-4712-ADE5-69DAFE473A01}.Release|x86.ActiveCfg = Release|Any CPU
		{16DCD99A-B415-420F-A3CA-74DFC02CB4AE}.Debug|Any CPU.ActiveCfg = Debug|Any CPU
		{16DCD99A-B415-420F-A3CA-74DFC02CB4AE}.Debug|Any CPU.Build.0 = Debug|Any CPU
		{16DCD99A-B415-420F-A3CA-74DFC02CB4AE}.Debug|arm64.ActiveCfg = Debug|Any CPU
		{16DCD99A-B415-420F-A3CA-74DFC02CB4AE}.Debug|arm64.Build.0 = Debug|Any CPU
		{16DCD99A-B415-420F-A3CA-74DFC02CB4AE}.Debug|Mixed Platforms.ActiveCfg = Debug|Any CPU
		{16DCD99A-B415-420F-A3CA-74DFC02CB4AE}.Debug|Mixed Platforms.Build.0 = Debug|Any CPU
		{16DCD99A-B415-420F-A3CA-74DFC02CB4AE}.Debug|x64.ActiveCfg = Debug|Any CPU
		{16DCD99A-B415-420F-A3CA-74DFC02CB4AE}.Debug|x64.Build.0 = Debug|Any CPU
		{16DCD99A-B415-420F-A3CA-74DFC02CB4AE}.Debug|x86.ActiveCfg = Debug|Any CPU
		{16DCD99A-B415-420F-A3CA-74DFC02CB4AE}.Debug|x86.Build.0 = Debug|Any CPU
		{16DCD99A-B415-420F-A3CA-74DFC02CB4AE}.Release|Any CPU.ActiveCfg = Release|Any CPU
		{16DCD99A-B415-420F-A3CA-74DFC02CB4AE}.Release|Any CPU.Build.0 = Release|Any CPU
		{16DCD99A-B415-420F-A3CA-74DFC02CB4AE}.Release|arm64.ActiveCfg = Release|Any CPU
		{16DCD99A-B415-420F-A3CA-74DFC02CB4AE}.Release|arm64.Build.0 = Release|Any CPU
		{16DCD99A-B415-420F-A3CA-74DFC02CB4AE}.Release|Mixed Platforms.ActiveCfg = Release|Any CPU
		{16DCD99A-B415-420F-A3CA-74DFC02CB4AE}.Release|Mixed Platforms.Build.0 = Release|Any CPU
		{16DCD99A-B415-420F-A3CA-74DFC02CB4AE}.Release|x64.ActiveCfg = Release|Any CPU
		{16DCD99A-B415-420F-A3CA-74DFC02CB4AE}.Release|x64.Build.0 = Release|Any CPU
		{16DCD99A-B415-420F-A3CA-74DFC02CB4AE}.Release|x86.ActiveCfg = Release|Any CPU
		{16DCD99A-B415-420F-A3CA-74DFC02CB4AE}.Release|x86.Build.0 = Release|Any CPU
		{14E16C7B-AC4B-4DE4-9047-199AAB2F4554}.Debug|Any CPU.ActiveCfg = Debug|Any CPU
		{14E16C7B-AC4B-4DE4-9047-199AAB2F4554}.Debug|Any CPU.Build.0 = Debug|Any CPU
		{14E16C7B-AC4B-4DE4-9047-199AAB2F4554}.Debug|Any CPU.Deploy.0 = Debug|Any CPU
		{14E16C7B-AC4B-4DE4-9047-199AAB2F4554}.Debug|arm64.ActiveCfg = Debug|Any CPU
		{14E16C7B-AC4B-4DE4-9047-199AAB2F4554}.Debug|arm64.Build.0 = Debug|Any CPU
		{14E16C7B-AC4B-4DE4-9047-199AAB2F4554}.Debug|arm64.Deploy.0 = Debug|Any CPU
		{14E16C7B-AC4B-4DE4-9047-199AAB2F4554}.Debug|Mixed Platforms.ActiveCfg = Debug|Any CPU
		{14E16C7B-AC4B-4DE4-9047-199AAB2F4554}.Debug|Mixed Platforms.Build.0 = Debug|Any CPU
		{14E16C7B-AC4B-4DE4-9047-199AAB2F4554}.Debug|Mixed Platforms.Deploy.0 = Debug|Any CPU
		{14E16C7B-AC4B-4DE4-9047-199AAB2F4554}.Debug|x64.ActiveCfg = Debug|Any CPU
		{14E16C7B-AC4B-4DE4-9047-199AAB2F4554}.Debug|x64.Build.0 = Debug|Any CPU
		{14E16C7B-AC4B-4DE4-9047-199AAB2F4554}.Debug|x64.Deploy.0 = Debug|Any CPU
		{14E16C7B-AC4B-4DE4-9047-199AAB2F4554}.Debug|x86.ActiveCfg = Debug|Any CPU
		{14E16C7B-AC4B-4DE4-9047-199AAB2F4554}.Debug|x86.Build.0 = Debug|Any CPU
		{14E16C7B-AC4B-4DE4-9047-199AAB2F4554}.Debug|x86.Deploy.0 = Debug|Any CPU
		{14E16C7B-AC4B-4DE4-9047-199AAB2F4554}.Release|Any CPU.ActiveCfg = Release|Any CPU
		{14E16C7B-AC4B-4DE4-9047-199AAB2F4554}.Release|Any CPU.Build.0 = Release|Any CPU
		{14E16C7B-AC4B-4DE4-9047-199AAB2F4554}.Release|Any CPU.Deploy.0 = Release|Any CPU
		{14E16C7B-AC4B-4DE4-9047-199AAB2F4554}.Release|arm64.ActiveCfg = Release|Any CPU
		{14E16C7B-AC4B-4DE4-9047-199AAB2F4554}.Release|arm64.Build.0 = Release|Any CPU
		{14E16C7B-AC4B-4DE4-9047-199AAB2F4554}.Release|arm64.Deploy.0 = Release|Any CPU
		{14E16C7B-AC4B-4DE4-9047-199AAB2F4554}.Release|Mixed Platforms.ActiveCfg = Release|Any CPU
		{14E16C7B-AC4B-4DE4-9047-199AAB2F4554}.Release|Mixed Platforms.Build.0 = Release|Any CPU
		{14E16C7B-AC4B-4DE4-9047-199AAB2F4554}.Release|Mixed Platforms.Deploy.0 = Release|Any CPU
		{14E16C7B-AC4B-4DE4-9047-199AAB2F4554}.Release|x64.ActiveCfg = Release|Any CPU
		{14E16C7B-AC4B-4DE4-9047-199AAB2F4554}.Release|x64.Build.0 = Release|Any CPU
		{14E16C7B-AC4B-4DE4-9047-199AAB2F4554}.Release|x64.Deploy.0 = Release|Any CPU
		{14E16C7B-AC4B-4DE4-9047-199AAB2F4554}.Release|x86.ActiveCfg = Release|Any CPU
		{14E16C7B-AC4B-4DE4-9047-199AAB2F4554}.Release|x86.Build.0 = Release|Any CPU
		{14E16C7B-AC4B-4DE4-9047-199AAB2F4554}.Release|x86.Deploy.0 = Release|Any CPU
		{741B2FE6-91CB-423F-9E91-65BED7F57450}.Debug|Any CPU.ActiveCfg = Debug|Any CPU
		{741B2FE6-91CB-423F-9E91-65BED7F57450}.Debug|Any CPU.Build.0 = Debug|Any CPU
		{741B2FE6-91CB-423F-9E91-65BED7F57450}.Debug|arm64.ActiveCfg = Debug|Any CPU
		{741B2FE6-91CB-423F-9E91-65BED7F57450}.Debug|arm64.Build.0 = Debug|Any CPU
		{741B2FE6-91CB-423F-9E91-65BED7F57450}.Debug|Mixed Platforms.ActiveCfg = Debug|Any CPU
		{741B2FE6-91CB-423F-9E91-65BED7F57450}.Debug|Mixed Platforms.Build.0 = Debug|Any CPU
		{741B2FE6-91CB-423F-9E91-65BED7F57450}.Debug|x64.ActiveCfg = Debug|Any CPU
		{741B2FE6-91CB-423F-9E91-65BED7F57450}.Debug|x64.Build.0 = Debug|Any CPU
		{741B2FE6-91CB-423F-9E91-65BED7F57450}.Debug|x86.ActiveCfg = Debug|Any CPU
		{741B2FE6-91CB-423F-9E91-65BED7F57450}.Debug|x86.Build.0 = Debug|Any CPU
		{741B2FE6-91CB-423F-9E91-65BED7F57450}.Release|Any CPU.ActiveCfg = Release|Any CPU
		{741B2FE6-91CB-423F-9E91-65BED7F57450}.Release|Any CPU.Build.0 = Release|Any CPU
		{741B2FE6-91CB-423F-9E91-65BED7F57450}.Release|arm64.ActiveCfg = Release|Any CPU
		{741B2FE6-91CB-423F-9E91-65BED7F57450}.Release|arm64.Build.0 = Release|Any CPU
		{741B2FE6-91CB-423F-9E91-65BED7F57450}.Release|Mixed Platforms.ActiveCfg = Release|Any CPU
		{741B2FE6-91CB-423F-9E91-65BED7F57450}.Release|Mixed Platforms.Build.0 = Release|Any CPU
		{741B2FE6-91CB-423F-9E91-65BED7F57450}.Release|x64.ActiveCfg = Release|Any CPU
		{741B2FE6-91CB-423F-9E91-65BED7F57450}.Release|x64.Build.0 = Release|Any CPU
		{741B2FE6-91CB-423F-9E91-65BED7F57450}.Release|x86.ActiveCfg = Release|Any CPU
		{741B2FE6-91CB-423F-9E91-65BED7F57450}.Release|x86.Build.0 = Release|Any CPU
		{BA2D96FE-C2B8-439D-9F96-4B564FA65F60}.Debug|Any CPU.ActiveCfg = Debug|x64
		{BA2D96FE-C2B8-439D-9F96-4B564FA65F60}.Debug|Any CPU.Build.0 = Debug|x64
		{BA2D96FE-C2B8-439D-9F96-4B564FA65F60}.Debug|Any CPU.Deploy.0 = Debug|x64
		{BA2D96FE-C2B8-439D-9F96-4B564FA65F60}.Debug|arm64.ActiveCfg = Debug|arm64
		{BA2D96FE-C2B8-439D-9F96-4B564FA65F60}.Debug|arm64.Build.0 = Debug|arm64
		{BA2D96FE-C2B8-439D-9F96-4B564FA65F60}.Debug|arm64.Deploy.0 = Debug|arm64
		{BA2D96FE-C2B8-439D-9F96-4B564FA65F60}.Debug|Mixed Platforms.ActiveCfg = Debug|x64
		{BA2D96FE-C2B8-439D-9F96-4B564FA65F60}.Debug|Mixed Platforms.Build.0 = Debug|x64
		{BA2D96FE-C2B8-439D-9F96-4B564FA65F60}.Debug|Mixed Platforms.Deploy.0 = Debug|x64
		{BA2D96FE-C2B8-439D-9F96-4B564FA65F60}.Debug|x64.ActiveCfg = Debug|x64
		{BA2D96FE-C2B8-439D-9F96-4B564FA65F60}.Debug|x64.Build.0 = Debug|x64
		{BA2D96FE-C2B8-439D-9F96-4B564FA65F60}.Debug|x64.Deploy.0 = Debug|x64
		{BA2D96FE-C2B8-439D-9F96-4B564FA65F60}.Debug|x86.ActiveCfg = Debug|x86
		{BA2D96FE-C2B8-439D-9F96-4B564FA65F60}.Debug|x86.Build.0 = Debug|x86
		{BA2D96FE-C2B8-439D-9F96-4B564FA65F60}.Debug|x86.Deploy.0 = Debug|x86
		{BA2D96FE-C2B8-439D-9F96-4B564FA65F60}.Release|Any CPU.ActiveCfg = Release|x64
		{BA2D96FE-C2B8-439D-9F96-4B564FA65F60}.Release|Any CPU.Build.0 = Release|x64
		{BA2D96FE-C2B8-439D-9F96-4B564FA65F60}.Release|Any CPU.Deploy.0 = Release|x64
		{BA2D96FE-C2B8-439D-9F96-4B564FA65F60}.Release|arm64.ActiveCfg = Release|arm64
		{BA2D96FE-C2B8-439D-9F96-4B564FA65F60}.Release|arm64.Build.0 = Release|arm64
		{BA2D96FE-C2B8-439D-9F96-4B564FA65F60}.Release|arm64.Deploy.0 = Release|arm64
		{BA2D96FE-C2B8-439D-9F96-4B564FA65F60}.Release|Mixed Platforms.ActiveCfg = Release|x64
		{BA2D96FE-C2B8-439D-9F96-4B564FA65F60}.Release|Mixed Platforms.Build.0 = Release|x64
		{BA2D96FE-C2B8-439D-9F96-4B564FA65F60}.Release|Mixed Platforms.Deploy.0 = Release|x64
		{BA2D96FE-C2B8-439D-9F96-4B564FA65F60}.Release|x64.ActiveCfg = Release|x64
		{BA2D96FE-C2B8-439D-9F96-4B564FA65F60}.Release|x64.Build.0 = Release|x64
		{BA2D96FE-C2B8-439D-9F96-4B564FA65F60}.Release|x64.Deploy.0 = Release|x64
		{BA2D96FE-C2B8-439D-9F96-4B564FA65F60}.Release|x86.ActiveCfg = Release|x86
		{BA2D96FE-C2B8-439D-9F96-4B564FA65F60}.Release|x86.Build.0 = Release|x86
		{BA2D96FE-C2B8-439D-9F96-4B564FA65F60}.Release|x86.Deploy.0 = Release|x86
		{CF0D9329-B0EB-4F0F-9385-BE0FA354582F}.Debug|Any CPU.ActiveCfg = Debug|Any CPU
		{CF0D9329-B0EB-4F0F-9385-BE0FA354582F}.Debug|Any CPU.Build.0 = Debug|Any CPU
		{CF0D9329-B0EB-4F0F-9385-BE0FA354582F}.Debug|arm64.ActiveCfg = Debug|Any CPU
		{CF0D9329-B0EB-4F0F-9385-BE0FA354582F}.Debug|arm64.Build.0 = Debug|Any CPU
		{CF0D9329-B0EB-4F0F-9385-BE0FA354582F}.Debug|Mixed Platforms.ActiveCfg = Debug|Any CPU
		{CF0D9329-B0EB-4F0F-9385-BE0FA354582F}.Debug|Mixed Platforms.Build.0 = Debug|Any CPU
		{CF0D9329-B0EB-4F0F-9385-BE0FA354582F}.Debug|x64.ActiveCfg = Debug|Any CPU
		{CF0D9329-B0EB-4F0F-9385-BE0FA354582F}.Debug|x64.Build.0 = Debug|Any CPU
		{CF0D9329-B0EB-4F0F-9385-BE0FA354582F}.Debug|x86.ActiveCfg = Debug|Any CPU
		{CF0D9329-B0EB-4F0F-9385-BE0FA354582F}.Debug|x86.Build.0 = Debug|Any CPU
		{CF0D9329-B0EB-4F0F-9385-BE0FA354582F}.Release|Any CPU.ActiveCfg = Release|Any CPU
		{CF0D9329-B0EB-4F0F-9385-BE0FA354582F}.Release|Any CPU.Build.0 = Release|Any CPU
		{CF0D9329-B0EB-4F0F-9385-BE0FA354582F}.Release|arm64.ActiveCfg = Release|Any CPU
		{CF0D9329-B0EB-4F0F-9385-BE0FA354582F}.Release|arm64.Build.0 = Release|Any CPU
		{CF0D9329-B0EB-4F0F-9385-BE0FA354582F}.Release|Mixed Platforms.ActiveCfg = Release|Any CPU
		{CF0D9329-B0EB-4F0F-9385-BE0FA354582F}.Release|Mixed Platforms.Build.0 = Release|Any CPU
		{CF0D9329-B0EB-4F0F-9385-BE0FA354582F}.Release|x64.ActiveCfg = Release|Any CPU
		{CF0D9329-B0EB-4F0F-9385-BE0FA354582F}.Release|x64.Build.0 = Release|Any CPU
		{CF0D9329-B0EB-4F0F-9385-BE0FA354582F}.Release|x86.ActiveCfg = Release|Any CPU
		{CF0D9329-B0EB-4F0F-9385-BE0FA354582F}.Release|x86.Build.0 = Release|Any CPU
		{775C77BC-9D68-468A-9EFA-6B570EA3654F}.Debug|Any CPU.ActiveCfg = Debug|Any CPU
		{775C77BC-9D68-468A-9EFA-6B570EA3654F}.Debug|Any CPU.Build.0 = Debug|Any CPU
		{775C77BC-9D68-468A-9EFA-6B570EA3654F}.Debug|Any CPU.Deploy.0 = Debug|Any CPU
		{775C77BC-9D68-468A-9EFA-6B570EA3654F}.Debug|arm64.ActiveCfg = Debug|Any CPU
		{775C77BC-9D68-468A-9EFA-6B570EA3654F}.Debug|arm64.Build.0 = Debug|Any CPU
		{775C77BC-9D68-468A-9EFA-6B570EA3654F}.Debug|arm64.Deploy.0 = Debug|Any CPU
		{775C77BC-9D68-468A-9EFA-6B570EA3654F}.Debug|Mixed Platforms.ActiveCfg = Debug|Any CPU
		{775C77BC-9D68-468A-9EFA-6B570EA3654F}.Debug|Mixed Platforms.Build.0 = Debug|Any CPU
		{775C77BC-9D68-468A-9EFA-6B570EA3654F}.Debug|Mixed Platforms.Deploy.0 = Debug|Any CPU
		{775C77BC-9D68-468A-9EFA-6B570EA3654F}.Debug|x64.ActiveCfg = Debug|Any CPU
		{775C77BC-9D68-468A-9EFA-6B570EA3654F}.Debug|x64.Build.0 = Debug|Any CPU
		{775C77BC-9D68-468A-9EFA-6B570EA3654F}.Debug|x64.Deploy.0 = Debug|Any CPU
		{775C77BC-9D68-468A-9EFA-6B570EA3654F}.Debug|x86.ActiveCfg = Debug|Any CPU
		{775C77BC-9D68-468A-9EFA-6B570EA3654F}.Debug|x86.Build.0 = Debug|Any CPU
		{775C77BC-9D68-468A-9EFA-6B570EA3654F}.Debug|x86.Deploy.0 = Debug|Any CPU
		{775C77BC-9D68-468A-9EFA-6B570EA3654F}.Release|Any CPU.ActiveCfg = Release|Any CPU
		{775C77BC-9D68-468A-9EFA-6B570EA3654F}.Release|Any CPU.Build.0 = Release|Any CPU
		{775C77BC-9D68-468A-9EFA-6B570EA3654F}.Release|Any CPU.Deploy.0 = Release|Any CPU
		{775C77BC-9D68-468A-9EFA-6B570EA3654F}.Release|arm64.ActiveCfg = Release|Any CPU
		{775C77BC-9D68-468A-9EFA-6B570EA3654F}.Release|arm64.Build.0 = Release|Any CPU
		{775C77BC-9D68-468A-9EFA-6B570EA3654F}.Release|arm64.Deploy.0 = Release|Any CPU
		{775C77BC-9D68-468A-9EFA-6B570EA3654F}.Release|Mixed Platforms.ActiveCfg = Release|Any CPU
		{775C77BC-9D68-468A-9EFA-6B570EA3654F}.Release|Mixed Platforms.Build.0 = Release|Any CPU
		{775C77BC-9D68-468A-9EFA-6B570EA3654F}.Release|Mixed Platforms.Deploy.0 = Release|Any CPU
		{775C77BC-9D68-468A-9EFA-6B570EA3654F}.Release|x64.ActiveCfg = Release|Any CPU
		{775C77BC-9D68-468A-9EFA-6B570EA3654F}.Release|x64.Build.0 = Release|Any CPU
		{775C77BC-9D68-468A-9EFA-6B570EA3654F}.Release|x64.Deploy.0 = Release|Any CPU
		{775C77BC-9D68-468A-9EFA-6B570EA3654F}.Release|x86.ActiveCfg = Release|Any CPU
		{775C77BC-9D68-468A-9EFA-6B570EA3654F}.Release|x86.Build.0 = Release|Any CPU
		{775C77BC-9D68-468A-9EFA-6B570EA3654F}.Release|x86.Deploy.0 = Release|Any CPU
		{C6777162-EF5D-4143-84ED-D8751C6DE283}.Debug|Any CPU.ActiveCfg = Debug|Any CPU
		{C6777162-EF5D-4143-84ED-D8751C6DE283}.Debug|Any CPU.Build.0 = Debug|Any CPU
		{C6777162-EF5D-4143-84ED-D8751C6DE283}.Debug|arm64.ActiveCfg = Debug|Any CPU
		{C6777162-EF5D-4143-84ED-D8751C6DE283}.Debug|arm64.Build.0 = Debug|Any CPU
		{C6777162-EF5D-4143-84ED-D8751C6DE283}.Debug|Mixed Platforms.ActiveCfg = Debug|Any CPU
		{C6777162-EF5D-4143-84ED-D8751C6DE283}.Debug|Mixed Platforms.Build.0 = Debug|Any CPU
		{C6777162-EF5D-4143-84ED-D8751C6DE283}.Debug|x64.ActiveCfg = Debug|Any CPU
		{C6777162-EF5D-4143-84ED-D8751C6DE283}.Debug|x64.Build.0 = Debug|Any CPU
		{C6777162-EF5D-4143-84ED-D8751C6DE283}.Debug|x86.ActiveCfg = Debug|Any CPU
		{C6777162-EF5D-4143-84ED-D8751C6DE283}.Debug|x86.Build.0 = Debug|Any CPU
		{C6777162-EF5D-4143-84ED-D8751C6DE283}.Release|Any CPU.ActiveCfg = Release|Any CPU
		{C6777162-EF5D-4143-84ED-D8751C6DE283}.Release|Any CPU.Build.0 = Release|Any CPU
		{C6777162-EF5D-4143-84ED-D8751C6DE283}.Release|arm64.ActiveCfg = Release|Any CPU
		{C6777162-EF5D-4143-84ED-D8751C6DE283}.Release|arm64.Build.0 = Release|Any CPU
		{C6777162-EF5D-4143-84ED-D8751C6DE283}.Release|Mixed Platforms.ActiveCfg = Release|Any CPU
		{C6777162-EF5D-4143-84ED-D8751C6DE283}.Release|Mixed Platforms.Build.0 = Release|Any CPU
		{C6777162-EF5D-4143-84ED-D8751C6DE283}.Release|x64.ActiveCfg = Release|Any CPU
		{C6777162-EF5D-4143-84ED-D8751C6DE283}.Release|x64.Build.0 = Release|Any CPU
		{C6777162-EF5D-4143-84ED-D8751C6DE283}.Release|x86.ActiveCfg = Release|Any CPU
		{C6777162-EF5D-4143-84ED-D8751C6DE283}.Release|x86.Build.0 = Release|Any CPU
		{B3E67EC0-89D4-4603-AD29-093CA890F4FE}.Debug|Any CPU.ActiveCfg = Debug|x64
		{B3E67EC0-89D4-4603-AD29-093CA890F4FE}.Debug|Any CPU.Build.0 = Debug|x64
		{B3E67EC0-89D4-4603-AD29-093CA890F4FE}.Debug|Any CPU.Deploy.0 = Debug|x64
		{B3E67EC0-89D4-4603-AD29-093CA890F4FE}.Debug|arm64.ActiveCfg = Debug|arm64
		{B3E67EC0-89D4-4603-AD29-093CA890F4FE}.Debug|arm64.Build.0 = Debug|arm64
		{B3E67EC0-89D4-4603-AD29-093CA890F4FE}.Debug|arm64.Deploy.0 = Debug|arm64
		{B3E67EC0-89D4-4603-AD29-093CA890F4FE}.Debug|Mixed Platforms.ActiveCfg = Debug|x64
		{B3E67EC0-89D4-4603-AD29-093CA890F4FE}.Debug|Mixed Platforms.Build.0 = Debug|x64
		{B3E67EC0-89D4-4603-AD29-093CA890F4FE}.Debug|Mixed Platforms.Deploy.0 = Debug|x64
		{B3E67EC0-89D4-4603-AD29-093CA890F4FE}.Debug|x64.ActiveCfg = Debug|x64
		{B3E67EC0-89D4-4603-AD29-093CA890F4FE}.Debug|x64.Build.0 = Debug|x64
		{B3E67EC0-89D4-4603-AD29-093CA890F4FE}.Debug|x64.Deploy.0 = Debug|x64
		{B3E67EC0-89D4-4603-AD29-093CA890F4FE}.Debug|x86.ActiveCfg = Debug|x86
		{B3E67EC0-89D4-4603-AD29-093CA890F4FE}.Debug|x86.Build.0 = Debug|x86
		{B3E67EC0-89D4-4603-AD29-093CA890F4FE}.Debug|x86.Deploy.0 = Debug|x86
		{B3E67EC0-89D4-4603-AD29-093CA890F4FE}.Release|Any CPU.ActiveCfg = Release|x64
		{B3E67EC0-89D4-4603-AD29-093CA890F4FE}.Release|Any CPU.Build.0 = Release|x64
		{B3E67EC0-89D4-4603-AD29-093CA890F4FE}.Release|Any CPU.Deploy.0 = Release|x64
		{B3E67EC0-89D4-4603-AD29-093CA890F4FE}.Release|arm64.ActiveCfg = Release|arm64
		{B3E67EC0-89D4-4603-AD29-093CA890F4FE}.Release|arm64.Build.0 = Release|arm64
		{B3E67EC0-89D4-4603-AD29-093CA890F4FE}.Release|arm64.Deploy.0 = Release|arm64
		{B3E67EC0-89D4-4603-AD29-093CA890F4FE}.Release|Mixed Platforms.ActiveCfg = Release|x64
		{B3E67EC0-89D4-4603-AD29-093CA890F4FE}.Release|Mixed Platforms.Build.0 = Release|x64
		{B3E67EC0-89D4-4603-AD29-093CA890F4FE}.Release|Mixed Platforms.Deploy.0 = Release|x64
		{B3E67EC0-89D4-4603-AD29-093CA890F4FE}.Release|x64.ActiveCfg = Release|x64
		{B3E67EC0-89D4-4603-AD29-093CA890F4FE}.Release|x64.Build.0 = Release|x64
		{B3E67EC0-89D4-4603-AD29-093CA890F4FE}.Release|x64.Deploy.0 = Release|x64
		{B3E67EC0-89D4-4603-AD29-093CA890F4FE}.Release|x86.ActiveCfg = Release|x86
		{B3E67EC0-89D4-4603-AD29-093CA890F4FE}.Release|x86.Build.0 = Release|x86
		{B3E67EC0-89D4-4603-AD29-093CA890F4FE}.Release|x86.Deploy.0 = Release|x86
		{D54D1125-57A1-4F1A-BED2-2E8D898C103D}.Debug|Any CPU.ActiveCfg = Debug|Any CPU
		{D54D1125-57A1-4F1A-BED2-2E8D898C103D}.Debug|Any CPU.Build.0 = Debug|Any CPU
		{D54D1125-57A1-4F1A-BED2-2E8D898C103D}.Debug|arm64.ActiveCfg = Debug|Any CPU
		{D54D1125-57A1-4F1A-BED2-2E8D898C103D}.Debug|arm64.Build.0 = Debug|Any CPU
		{D54D1125-57A1-4F1A-BED2-2E8D898C103D}.Debug|Mixed Platforms.ActiveCfg = Debug|Any CPU
		{D54D1125-57A1-4F1A-BED2-2E8D898C103D}.Debug|Mixed Platforms.Build.0 = Debug|Any CPU
		{D54D1125-57A1-4F1A-BED2-2E8D898C103D}.Debug|x64.ActiveCfg = Debug|Any CPU
		{D54D1125-57A1-4F1A-BED2-2E8D898C103D}.Debug|x64.Build.0 = Debug|Any CPU
		{D54D1125-57A1-4F1A-BED2-2E8D898C103D}.Debug|x86.ActiveCfg = Debug|Any CPU
		{D54D1125-57A1-4F1A-BED2-2E8D898C103D}.Debug|x86.Build.0 = Debug|Any CPU
		{D54D1125-57A1-4F1A-BED2-2E8D898C103D}.Release|Any CPU.ActiveCfg = Release|Any CPU
		{D54D1125-57A1-4F1A-BED2-2E8D898C103D}.Release|Any CPU.Build.0 = Release|Any CPU
		{D54D1125-57A1-4F1A-BED2-2E8D898C103D}.Release|arm64.ActiveCfg = Release|Any CPU
		{D54D1125-57A1-4F1A-BED2-2E8D898C103D}.Release|arm64.Build.0 = Release|Any CPU
		{D54D1125-57A1-4F1A-BED2-2E8D898C103D}.Release|Mixed Platforms.ActiveCfg = Release|Any CPU
		{D54D1125-57A1-4F1A-BED2-2E8D898C103D}.Release|Mixed Platforms.Build.0 = Release|Any CPU
		{D54D1125-57A1-4F1A-BED2-2E8D898C103D}.Release|x64.ActiveCfg = Release|Any CPU
		{D54D1125-57A1-4F1A-BED2-2E8D898C103D}.Release|x64.Build.0 = Release|Any CPU
		{D54D1125-57A1-4F1A-BED2-2E8D898C103D}.Release|x86.ActiveCfg = Release|Any CPU
		{D54D1125-57A1-4F1A-BED2-2E8D898C103D}.Release|x86.Build.0 = Release|Any CPU
	EndGlobalSection
	GlobalSection(SolutionProperties) = preSolution
		HideSolutionNode = FALSE
	EndGlobalSection
	GlobalSection(NestedProjects) = preSolution
		{16DCD99A-B415-420F-A3CA-74DFC02CB4AE} = {297B8817-4DA0-4009-8DC0-E208AD567E77}
		{14E16C7B-AC4B-4DE4-9047-199AAB2F4554} = {297B8817-4DA0-4009-8DC0-E208AD567E77}
		{741B2FE6-91CB-423F-9E91-65BED7F57450} = {297B8817-4DA0-4009-8DC0-E208AD567E77}
		{BA2D96FE-C2B8-439D-9F96-4B564FA65F60} = {297B8817-4DA0-4009-8DC0-E208AD567E77}
		{CF0D9329-B0EB-4F0F-9385-BE0FA354582F} = {4B5A4119-DDDC-4A6F-99A2-23937F859733}
		{775C77BC-9D68-468A-9EFA-6B570EA3654F} = {4B5A4119-DDDC-4A6F-99A2-23937F859733}
		{C6777162-EF5D-4143-84ED-D8751C6DE283} = {4B5A4119-DDDC-4A6F-99A2-23937F859733}
		{B3E67EC0-89D4-4603-AD29-093CA890F4FE} = {4B5A4119-DDDC-4A6F-99A2-23937F859733}
		{D54D1125-57A1-4F1A-BED2-2E8D898C103D} = {4B5A4119-DDDC-4A6F-99A2-23937F859733}
	EndGlobalSection
	GlobalSection(ExtensibilityGlobals) = postSolution
		SolutionGuid = {0CD56CDA-CF3F-4592-99EE-F961EBDE2D53}
	EndGlobalSection
	GlobalSection(SharedMSBuildProjectFiles) = preSolution
		..\..\GitHubProjects\GenieClient\GenieUno\Genie4\Genie4.Shared\Genie4.Shared.projitems*{14e16c7b-ac4b-4de4-9047-199aab2f4554}*SharedItemsImports = 5
		..\..\GitHubProjects\GenieClient\GenieUno\Genie4\Genie4.Shared\Genie4.Shared.projitems*{6279c845-92f8-4333-ab99-3d213163593c}*SharedItemsImports = 13
		..\..\GitHubProjects\GenieClient\GenieUno\Genie4\Genie4.Shared\Genie4.Shared.projitems*{741b2fe6-91cb-423f-9e91-65bed7f57450}*SharedItemsImports = 5
		Genie\Genie.Shared\Genie.Shared.projitems*{775c77bc-9d68-468a-9efa-6b570ea3654f}*SharedItemsImports = 5
		Genie\Genie.Shared\Genie.Shared.projitems*{b3e67ec0-89d4-4603-ad29-093ca890f4fe}*SharedItemsImports = 5
		..\..\GitHubProjects\GenieClient\GenieUno\Genie4\Genie4.Shared\Genie4.Shared.projitems*{ba2d96fe-c2b8-439d-9f96-4b564fa65f60}*SharedItemsImports = 5
		Genie\Genie.Shared\Genie.Shared.projitems*{c6777162-ef5d-4143-84ed-d8751c6de283}*SharedItemsImports = 5
		Genie\Genie.Shared\Genie.Shared.projitems*{cf0d9329-b0eb-4f0f-9385-be0fa354582f}*SharedItemsImports = 5
		Genie\Genie.Shared\Genie.Shared.projitems*{d54d1125-57a1-4f1a-bed2-2e8d898c103d}*SharedItemsImports = 5
	EndGlobalSection
EndGlobal
